{
  "name": "@sgratzl/chartjs-esm-facade",
  "version": "3.0.0-alpha.1",
  "lockfileVersion": 1,
  "requires": true,
  "dependencies": {
    "@types/chart.js": {
      "version": "2.9.23",
      "resolved": "https://registry.npmjs.org/@types/chart.js/-/chart.js-2.9.23.tgz",
      "integrity": "sha512-4QQNE/b+digosu3mnj4E7aNQGKnlpzXa9JvQYPtexpO7v9gnDeqwc1DxF8vLJWLDCNoO6hH0EgO8K/7PtJl8wg==",
      "requires": {
        "moment": "^2.10.2"
      }
    },
    "moment": {
      "version": "2.27.0",
      "resolved": "https://registry.npmjs.org/moment/-/moment-2.27.0.tgz",
      "integrity": "sha512-al0MUK7cpIcglMv3YF13qSgdAIqxHTO7brRtaz3DlSULbqfazqkc5kEjNrLDOM7fsjshoFIihnU8snrP7zUvhQ=="
    }
  }
}
